// !$*UTF8*$!
{
	archiveVersion = 1;
	classes = {
	};
	objectVersion = 46;
	objects = {

/* Begin PBXBuildFile section */
		7D0891391C4DB8A400D320DD /* AppDelegate.swift in Sources */ = {isa = PBXBuildFile; fileRef = 7D0891381C4DB8A400D320DD /* AppDelegate.swift */; };
		7D08913B1C4DB8A400D320DD /* ViewController.swift in Sources */ = {isa = PBXBuildFile; fileRef = 7D08913A1C4DB8A400D320DD /* ViewController.swift */; };
		7D08913E1C4DB8A400D320DD /* Main.storyboard in Resources */ = {isa = PBXBuildFile; fileRef = 7D08913C1C4DB8A400D320DD /* Main.storyboard */; };
		7D0891401C4DB8A500D320DD /* Assets.xcassets in Resources */ = {isa = PBXBuildFile; fileRef = 7D08913F1C4DB8A500D320DD /* Assets.xcassets */; };
		7D0891431C4DB8A500D320DD /* LaunchScreen.storyboard in Resources */ = {isa = PBXBuildFile; fileRef = 7D0891411C4DB8A500D320DD /* LaunchScreen.storyboard */; };
		7D08914E1C4DB8A500D320DD /* SuperCoolTests.swift in Sources */ = {isa = PBXBuildFile; fileRef = 7D08914D1C4DB8A500D320DD /* SuperCoolTests.swift */; };
		7D0891591C4DB8A500D320DD /* SuperCoolUITests.swift in Sources */ = {isa = PBXBuildFile; fileRef = 7D0891581C4DB8A500D320DD /* SuperCoolUITests.swift */; };
/* End PBXBuildFile section */

/* Begin PBXContainerItemProxy section */
		7D08914A1C4DB8A500D320DD /* PBXContainerItemProxy */ = {
			isa = PBXContainerItemProxy;
			containerPortal = 7D08912D1C4DB8A400D320DD /* Project object */;
			proxyType = 1;
			remoteGlobalIDString = 7D0891341C4DB8A400D320DD;
			remoteInfo = SuperCool;
		};
		7D0891551C4DB8A500D320DD /* PBXContainerItemProxy */ = {
			isa = PBXContainerItemProxy;
			containerPortal = 7D08912D1C4DB8A400D320DD /* Project object */;
			proxyType = 1;
			remoteGlobalIDString = 7D0891341C4DB8A400D320DD;
			remoteInfo = SuperCool;
		};
/* End PBXContainerItemProxy section */

/* Begin PBXFileReference section */
		7D0891351C4DB8A400D320DD /* SuperCool.app */ = {isa = PBXFileReference; explicitFileType = wrapper.application; includeInIndex = 0; path = SuperCool.app; sourceTree = BUILT_PRODUCTS_DIR; };
		7D0891381C4DB8A400D320DD /* AppDelegate.swift */ = {isa = PBXFileReference; lastKnownFileType = sourcecode.swift; path = AppDelegate.swift; sourceTree = "<group>"; };
		7D08913A1C4DB8A400D320DD /* ViewController.swift */ = {isa = PBXFileReference; lastKnownFileType = sourcecode.swift; path = ViewController.swift; sourceTree = "<group>"; };
		7D08913D1C4DB8A400D320DD /* Base */ = {isa = PBXFileReference; lastKnownFileType = file.storyboard; name = Base; path = Base.lproj/Main.storyboard; sourceTree = "<group>"; };
		7D08913F1C4DB8A500D320DD /* Assets.xcassets */ = {isa = PBXFileReference; lastKnownFileType = folder.assetcatalog; path = Assets.xcassets; sourceTree = "<group>"; };
		7D0891421C4DB8A500D320DD /* Base */ = {isa = PBXFileReference; lastKnownFileType = file.storyboard; name = Base; path = Base.lproj/LaunchScreen.storyboard; sourceTree = "<group>"; };
		7D0891441C4DB8A500D320DD /* Info.plist */ = {isa = PBXFileReference; lastKnownFileType = text.plist.xml; path = Info.plist; sourceTree = "<group>"; };
		7D0891491C4DB8A500D320DD /* SuperCoolTests.xctest */ = {isa = PBXFileReference; explicitFileType = wrapper.cfbundle; includeInIndex = 0; path = SuperCoolTests.xctest; sourceTree = BUILT_PRODUCTS_DIR; };
		7D08914D1C4DB8A500D320DD /* SuperCoolTests.swift */ = {isa = PBXFileReference; lastKnownFileType = sourcecode.swift; path = SuperCoolTests.swift; sourceTree = "<group>"; };
		7D08914F1C4DB8A500D320DD /* Info.plist */ = {isa = PBXFileReference; lastKnownFileType = text.plist.xml; path = Info.plist; sourceTree = "<group>"; };
		7D0891541C4DB8A500D320DD /* SuperCoolUITests.xctest */ = {isa = PBXFileReference; explicitFileType = wrapper.cfbundle; includeInIndex = 0; path = SuperCoolUITests.xctest; sourceTree = BUILT_PRODUCTS_DIR; };
		7D0891581C4DB8A500D320DD /* SuperCoolUITests.swift */ = {isa = PBXFileReference; lastKnownFileType = sourcecode.swift; path = SuperCoolUITests.swift; sourceTree = "<group>"; };
		7D08915A1C4DB8A500D320DD /* Info.plist */ = {isa = PBXFileReference; lastKnownFileType = text.plist.xml; path = Info.plist; sourceTree = "<group>"; };
/* End PBXFileReference section */

/* Begin PBXFrameworksBuildPhase section */
		7D0891321C4DB8A400D320DD /* Frameworks */ = {
			isa = PBXFrameworksBuildPhase;
			buildActionMask = 2147483647;
			files = (
			);
			runOnlyForDeploymentPostprocessing = 0;
		};
		7D0891461C4DB8A500D320DD /* Frameworks */ = {
			isa = PBXFrameworksBuildPhase;
			buildActionMask = 2147483647;
			files = (
			);
			runOnlyForDeploymentPostprocessing = 0;
		};
		7D0891511C4DB8A500D320DD /* Frameworks */ = {
			isa = PBXFrameworksBuildPhase;
			buildActionMask = 2147483647;
			files = (
			);
			runOnlyForDeploymentPostprocessing = 0;
		};
/* End PBXFrameworksBuildPhase section */

/* Begin PBXGroup section */
		7D08912C1C4DB8A400D320DD = {
			isa = PBXGroup;
			children = (
				7D0891371C4DB8A400D320DD /* SuperCool */,
				7D08914C1C4DB8A500D320DD /* SuperCoolTests */,
				7D0891571C4DB8A500D320DD /* SuperCoolUITests */,
				7D0891361C4DB8A400D320DD /* Products */,
			);
			sourceTree = "<group>";
		};
		7D0891361C4DB8A400D320DD /* Products */ = {
			isa = PBXGroup;
			children = (
				7D0891351C4DB8A400D320DD /* SuperCool.app */,
				7D0891491C4DB8A500D320DD /* SuperCoolTests.xctest */,
				7D0891541C4DB8A500D320DD /* SuperCoolUITests.xctest */,
			);
			name = Products;
			sourceTree = "<group>";
		};
		7D0891371C4DB8A400D320DD /* SuperCool */ = {
			isa = PBXGroup;
			children = (
				7D0891381C4DB8A400D320DD /* AppDelegate.swift */,
				7D08913A1C4DB8A400D320DD /* ViewController.swift */,
				7D08913C1C4DB8A400D320DD /* Main.storyboard */,
				7D08913F1C4DB8A500D320DD /* Assets.xcassets */,
				7D0891411C4DB8A500D320DD /* LaunchScreen.storyboard */,
				7D0891441C4DB8A500D320DD /* Info.plist */,
			);
			path = SuperCool;
			sourceTree = "<group>";
		};
		7D08914C1C4DB8A500D320DD /* SuperCoolTests */ = {
			isa = PBXGroup;
			children = (
				7D08914D1C4DB8A500D320DD /* SuperCoolTests.swift */,
				7D08914F1C4DB8A500D320DD /* Info.plist */,
			);
			path = SuperCoolTests;
			sourceTree = "<group>";
		};
		7D0891571C4DB8A500D320DD /* SuperCoolUITests */ = {
			isa = PBXGroup;
			children = (
				7D0891581C4DB8A500D320DD /* SuperCoolUITests.swift */,
				7D08915A1C4DB8A500D320DD /* Info.plist */,
			);
			path = SuperCoolUITests;
			sourceTree = "<group>";
		};
/* End PBXGroup section */

/* Begin PBXNativeTarget section */
		7D0891341C4DB8A400D320DD /* SuperCool */ = {
			isa = PBXNativeTarget;
			buildConfigurationList = 7D08915D1C4DB8A500D320DD /* Build configuration list for PBXNativeTarget "SuperCool" */;
			buildPhases = (
				7D0891311C4DB8A400D320DD /* Sources */,
				7D0891321C4DB8A400D320DD /* Frameworks */,
				7D0891331C4DB8A400D320DD /* Resources */,
			);
			buildRules = (
			);
			dependencies = (
			);
			name = SuperCool;
			productName = SuperCool;
			productReference = 7D0891351C4DB8A400D320DD /* SuperCool.app */;
			productType = "com.apple.product-type.application";
		};
		7D0891481C4DB8A500D320DD /* SuperCoolTests */ = {
			isa = PBXNativeTarget;
			buildConfigurationList = 7D0891601C4DB8A500D320DD /* Build configuration list for PBXNativeTarget "SuperCoolTests" */;
			buildPhases = (
				7D0891451C4DB8A500D320DD /* Sources */,
				7D0891461C4DB8A500D320DD /* Frameworks */,
				7D0891471C4DB8A500D320DD /* Resources */,
			);
			buildRules = (
			);
			dependencies = (
				7D08914B1C4DB8A500D320DD /* PBXTargetDependency */,
			);
			name = SuperCoolTests;
			productName = SuperCoolTests;
			productReference = 7D0891491C4DB8A500D320DD /* SuperCoolTests.xctest */;
			productType = "com.apple.product-type.bundle.unit-test";
		};
		7D0891531C4DB8A500D320DD /* SuperCoolUITests */ = {
			isa = PBXNativeTarget;
			buildConfigurationList = 7D0891631C4DB8A500D320DD /* Build configuration list for PBXNativeTarget "SuperCoolUITests" */;
			buildPhases = (
				7D0891501C4DB8A500D320DD /* Sources */,
				7D0891511C4DB8A500D320DD /* Frameworks */,
				7D0891521C4DB8A500D320DD /* Resources */,
			);
			buildRules = (
			);
			dependencies = (
				7D0891561C4DB8A500D320DD /* PBXTargetDependency */,
			);
			name = SuperCoolUITests;
			productName = SuperCoolUITests;
			productReference = 7D0891541C4DB8A500D320DD /* SuperCoolUITests.xctest */;
			productType = "com.apple.product-type.bundle.ui-testing";
		};
/* End PBXNativeTarget section */

/* Begin PBXProject section */
		7D08912D1C4DB8A400D320DD /* Project object */ = {
			isa = PBXProject;
			attributes = {
				LastSwiftUpdateCheck = 0730;
				LastUpgradeCheck = 0730;
				ORGANIZATIONNAME = "Bruno Silvestrin";
				TargetAttributes = {
					7D0891341C4DB8A400D320DD = {
						CreatedOnToolsVersion = 7.3;
					};
					7D0891481C4DB8A500D320DD = {
						CreatedOnToolsVersion = 7.3;
						TestTargetID = 7D0891341C4DB8A400D320DD;
					};
					7D0891531C4DB8A500D320DD = {
						CreatedOnToolsVersion = 7.3;
						TestTargetID = 7D0891341C4DB8A400D320DD;
					};
				};
			};
			buildConfigurationList = 7D0891301C4DB8A400D320DD /* Build configuration list for PBXProject "SuperCool" */;
			compatibilityVersion = "Xcode 3.2";
			developmentRegion = English;
			hasScannedForEncodings = 0;
			knownRegions = (
				en,
				Base,
			);
			mainGroup = 7D08912C1C4DB8A400D320DD;
			productRefGroup = 7D0891361C4DB8A400D320DD /* Products */;
			projectDirPath = "";
			projectRoot = "";
			targets = (
				7D0891341C4DB8A400D320DD /* SuperCool */,
				7D0891481C4DB8A500D320DD /* SuperCoolTests */,
				7D0891531C4DB8A500D320DD /* SuperCoolUITests */,
			);
		};
/* End PBXProject section */

/* Begin PBXResourcesBuildPhase section */
		7D0891331C4DB8A400D320DD /* Resources */ = {
			isa = PBXResourcesBuildPhase;
			buildActionMask = 2147483647;
			files = (
				7D0891431C4DB8A500D320DD /* LaunchScreen.storyboard in Resources */,
				7D0891401C4DB8A500D320DD /* Assets.xcassets in Resources */,
				7D08913E1C4DB8A400D320DD /* Main.storyboard in Resources */,
			);
			runOnlyForDeploymentPostprocessing = 0;
		};
		7D0891471C4DB8A500D320DD /* Resources */ = {
			isa = PBXResourcesBuildPhase;
			buildActionMask = 2147483647;
			files = (
			);
			runOnlyForDeploymentPostprocessing = 0;
		};
		7D0891521C4DB8A500D320DD /* Resources */ = {
			isa = PBXResourcesBuildPhase;
			buildActionMask = 2147483647;
			files = (
			);
			runOnlyForDeploymentPostprocessing = 0;
		};
/* End PBXResourcesBuildPhase section */

/* Begin PBXSourcesBuildPhase section */
		7D0891311C4DB8A400D320DD /* Sources */ = {
			isa = PBXSourcesBuildPhase;
			buildActionMask = 2147483647;
			files = (
				7D08913B1C4DB8A400D320DD /* ViewController.swift in Sources */,
				7D0891391C4DB8A400D320DD /* AppDelegate.swift in Sources */,
			);
			runOnlyForDeploymentPostprocessing = 0;
		};
		7D0891451C4DB8A500D320DD /* Sources */ = {
			isa = PBXSourcesBuildPhase;
			buildActionMask = 2147483647;
			files = (
				7D08914E1C4DB8A500D320DD /* SuperCoolTests.swift in Sources */,
			);
			runOnlyForDeploymentPostprocessing = 0;
		};
		7D0891501C4DB8A500D320DD /* Sources */ = {
			isa = PBXSourcesBuildPhase;
			buildActionMask = 2147483647;
			files = (
				7D0891591C4DB8A500D320DD /* SuperCoolUITests.swift in Sources */,
			);
			runOnlyForDeploymentPostprocessing = 0;
		};
/* End PBXSourcesBuildPhase section */

/* Begin PBXTargetDependency section */
		7D08914B1C4DB8A500D320DD /* PBXTargetDependency */ = {
			isa = PBXTargetDependency;
			target = 7D0891341C4DB8A400D320DD /* SuperCool */;
			targetProxy = 7D08914A1C4DB8A500D320DD /* PBXContainerItemProxy */;
		};
		7D0891561C4DB8A500D320DD /* PBXTargetDependency */ = {
			isa = PBXTargetDependency;
			target = 7D0891341C4DB8A400D320DD /* SuperCool */;
			targetProxy = 7D0891551C4DB8A500D320DD /* PBXContainerItemProxy */;
		};
/* End PBXTargetDependency section */

/* Begin PBXVariantGroup section */
		7D08913C1C4DB8A400D320DD /* Main.storyboard */ = {
			isa = PBXVariantGroup;
			children = (
				7D08913D1C4DB8A400D320DD /* Base */,
			);
			name = Main.storyboard;
			sourceTree = "<group>";
		};
		7D0891411C4DB8A500D320DD /* LaunchScreen.storyboard */ = {
			isa = PBXVariantGroup;
			children = (
				7D0891421C4DB8A500D320DD /* Base */,
			);
			name = LaunchScreen.storyboard;
			sourceTree = "<group>";
		};
/* End PBXVariantGroup section */

/* Begin XCBuildConfiguration section */
		7D08915B1C4DB8A500D320DD /* Debug */ = {
			isa = XCBuildConfiguration;
			buildSettings = {
				ALWAYS_SEARCH_USER_PATHS = NO;
				CLANG_CXX_LANGUAGE_STANDARD = "gnu++0x";
				CLANG_CXX_LIBRARY = "libc++";
				CLANG_ENABLE_MODULES = YES;
				CLANG_ENABLE_OBJC_ARC = YES;
				CLANG_WARN_BOOL_CONVERSION = YES;
				CLANG_WARN_CONSTANT_CONVERSION = YES;
				CLANG_WARN_DIRECT_OBJC_ISA_USAGE = YES_ERROR;
				CLANG_WARN_EMPTY_BODY = YES;
				CLANG_WARN_ENUM_CONVERSION = YES;
				CLANG_WARN_INT_CONVERSION = YES;
				CLANG_WARN_OBJC_ROOT_CLASS = YES_ERROR;
				CLANG_WARN_UNREACHABLE_CODE = YES;
				CLANG_WARN__DUPLICATE_METHOD_MATCH = YES;
				"CODE_SIGN_IDENTITY[sdk=iphoneos*]" = "iPhone Developer";
				COPY_PHASE_STRIP = NO;
				DEBUG_INFORMATION_FORMAT = dwarf;
				ENABLE_STRICT_OBJC_MSGSEND = YES;
				ENABLE_TESTABILITY = YES;
				GCC_C_LANGUAGE_STANDARD = gnu99;
				GCC_DYNAMIC_NO_PIC = NO;
				GCC_NO_COMMON_BLOCKS = YES;
				GCC_OPTIMIZATION_LEVEL = 0;
				GCC_PREPROCESSOR_DEFINITIONS = (
					"DEBUG=1",
					"$(inherited)",
				);
				GCC_WARN_64_TO_32_BIT_CONVERSION = YES;
				GCC_WARN_ABOUT_RETURN_TYPE = YES_ERROR;
				GCC_WARN_UNDECLARED_SELECTOR = YES;
				GCC_WARN_UNINITIALIZED_AUTOS = YES_AGGRESSIVE;
				GCC_WARN_UNUSED_FUNCTION = YES;
				GCC_WARN_UNUSED_VARIABLE = YES;
				IPHONEOS_DEPLOYMENT_TARGET = 9.3;
				MTL_ENABLE_DEBUG_INFO = YES;
				ONLY_ACTIVE_ARCH = YES;
				SDKROOT = iphoneos;
				SWIFT_OPTIMIZATION_LEVEL = "-Onone";
			};
			name = Debug;
		};
		7D08915C1C4DB8A500D320DD /* Release */ = {
			isa = XCBuildConfiguration;
			buildSettings = {
				ALWAYS_SEARCH_USER_PATHS = NO;
				CLANG_CXX_LANGUAGE_STANDARD = "gnu++0x";
				CLANG_CXX_LIBRARY = "libc++";
				CLANG_ENABLE_MODULES = YES;
				CLANG_ENABLE_OBJC_ARC = YES;
				CLANG_WARN_BOOL_CONVERSION = YES;
				CLANG_WARN_CONSTANT_CONVERSION = YES;
				CLANG_WARN_DIRECT_OBJC_ISA_USAGE = YES_ERROR;
				CLANG_WARN_EMPTY_BODY = YES;
				CLANG_WARN_ENUM_CONVERSION = YES;
				CLANG_WARN_INT_CONVERSION = YES;
				CLANG_WARN_OBJC_ROOT_CLASS = YES_ERROR;
				CLANG_WARN_UNREACHABLE_CODE = YES;
				CLANG_WARN__DUPLICATE_METHOD_MATCH = YES;
				"CODE_SIGN_IDENTITY[sdk=iphoneos*]" = "iPhone Developer";
				COPY_PHASE_STRIP = NO;
				DEBUG_INFORMATION_FORMAT = "dwarf-with-dsym";
				ENABLE_NS_ASSERTIONS = NO;
				ENABLE_STRICT_OBJC_MSGSEND = YES;
				GCC_C_LANGUAGE_STANDARD = gnu99;
				GCC_NO_COMMON_BLOCKS = YES;
				GCC_WARN_64_TO_32_BIT_CONVERSION = YES;
				GCC_WARN_ABOUT_RETURN_TYPE = YES_ERROR;
				GCC_WARN_UNDECLARED_SELECTOR = YES;
				GCC_WARN_UNINITIALIZED_AUTOS = YES_AGGRESSIVE;
				GCC_WARN_UNUSED_FUNCTION = YES;
				GCC_WARN_UNUSED_VARIABLE = YES;
				IPHONEOS_DEPLOYMENT_TARGET = 9.3;
				MTL_ENABLE_DEBUG_INFO = NO;
				SDKROOT = iphoneos;
				VALIDATE_PRODUCT = YES;
			};
			name = Release;
		};
		7D08915E1C4DB8A500D320DD /* Debug */ = {
			isa = XCBuildConfiguration;
			buildSettings = {
				ASSETCATALOG_COMPILER_APPICON_NAME = AppIcon;
				INFOPLIST_FILE = SuperCool/Info.plist;
				LD_RUNPATH_SEARCH_PATHS = "$(inherited) @executable_path/Frameworks";
				PRODUCT_BUNDLE_IDENTIFIER = com.mycomp.SuperCool;
				PRODUCT_NAME = "$(TARGET_NAME)";
			};
			name = Debug;
		};
		7D08915F1C4DB8A500D320DD /* Release */ = {
			isa = XCBuildConfiguration;
			buildSettings = {
				ASSETCATALOG_COMPILER_APPICON_NAME = AppIcon;
				INFOPLIST_FILE = SuperCool/Info.plist;
				LD_RUNPATH_SEARCH_PATHS = "$(inherited) @executable_path/Frameworks";
				PRODUCT_BUNDLE_IDENTIFIER = com.mycomp.SuperCool;
				PRODUCT_NAME = "$(TARGET_NAME)";
			};
			name = Release;
		};
		7D0891611C4DB8A500D320DD /* Debug */ = {
			isa = XCBuildConfiguration;
			buildSettings = {
				BUNDLE_LOADER = "$(TEST_HOST)";
				INFOPLIST_FILE = SuperCoolTests/Info.plist;
				LD_RUNPATH_SEARCH_PATHS = "$(inherited) @executable_path/Frameworks @loader_path/Frameworks";
				PRODUCT_BUNDLE_IDENTIFIER = com.mycomp.SuperCoolTests;
				PRODUCT_NAME = "$(TARGET_NAME)";
				TEST_HOST = "$(BUILT_PRODUCTS_DIR)/SuperCool.app/SuperCool";
			};
			name = Debug;
		};
		7D0891621C4DB8A500D320DD /* Release */ = {
			isa = XCBuildConfiguration;
			buildSettings = {
				BUNDLE_LOADER = "$(TEST_HOST)";
				INFOPLIST_FILE = SuperCoolTests/Info.plist;
				LD_RUNPATH_SEARCH_PATHS = "$(inherited) @executable_path/Frameworks @loader_path/Frameworks";
				PRODUCT_BUNDLE_IDENTIFIER = com.mycomp.SuperCoolTests;
				PRODUCT_NAME = "$(TARGET_NAME)";
				TEST_HOST = "$(BUILT_PRODUCTS_DIR)/SuperCool.app/SuperCool";
			};
			name = Release;
		};
		7D0891641C4DB8A500D320DD /* Debug */ = {
			isa = XCBuildConfiguration;
			buildSettings = {
				INFOPLIST_FILE = SuperCoolUITests/Info.plist;
				LD_RUNPATH_SEARCH_PATHS = "$(inherited) @executable_path/Frameworks @loader_path/Frameworks";
				PRODUCT_BUNDLE_IDENTIFIER = com.mycomp.SuperCoolUITests;
				PRODUCT_NAME = "$(TARGET_NAME)";
				TEST_TARGET_NAME = SuperCool;
			};
			name = Debug;
		};
		7D0891651C4DB8A500D320DD /* Release */ = {
			isa = XCBuildConfiguration;
			buildSettings = {
				INFOPLIST_FILE = SuperCoolUITests/Info.plist;
				LD_RUNPATH_SEARCH_PATHS = "$(inherited) @executable_path/Frameworks @loader_path/Frameworks";
				PRODUCT_BUNDLE_IDENTIFIER = com.mycomp.SuperCoolUITests;
				PRODUCT_NAME = "$(TARGET_NAME)";
				TEST_TARGET_NAME = SuperCool;
			};
			name = Release;
		};
/* End XCBuildConfiguration section */

/* Begin XCConfigurationList section */
		7D0891301C4DB8A400D320DD /* Build configuration list for PBXProject "SuperCool" */ = {
			isa = XCConfigurationList;
			buildConfigurations = (
				7D08915B1C4DB8A500D320DD /* Debug */,
				7D08915C1C4DB8A500D320DD /* Release */,
			);
			defaultConfigurationIsVisible = 0;
			defaultConfigurationName = Release;
		};
		7D08915D1C4DB8A500D320DD /* Build configuration list for PBXNativeTarget "SuperCool" */ = {
			isa = XCConfigurationList;
			buildConfigurations = (
				7D08915E1C4DB8A500D320DD /* Debug */,
				7D08915F1C4DB8A500D320DD /* Release */,
			);
			defaultConfigurationIsVisible = 0;
		};
		7D0891601C4DB8A500D320DD /* Build configuration list for PBXNativeTarget "SuperCoolTests" */ = {
			isa = XCConfigurationList;
			buildConfigurations = (
				7D0891611C4DB8A500D320DD /* Debug */,
				7D0891621C4DB8A500D320DD /* Release */,
			);
			defaultConfigurationIsVisible = 0;
		};
		7D0891631C4DB8A500D320DD /* Build configuration list for PBXNativeTarget "SuperCoolUITests" */ = {
			isa = XCConfigurationList;
			buildConfigurations = (
				7D0891641C4DB8A500D320DD /* Debug */,
				7D0891651C4DB8A500D320DD /* Release */,
			);
			defaultConfigurationIsVisible = 0;
		};
/* End XCConfigurationList section */
	};
	rootObject = 7D08912D1C4DB8A400D320DD /* Project object */;
}
